
Microsoft Visual Studio Solution File, Format Version 12.00
# Visual Studio Version 16
VisualStudioVersion = 16.0.30907.101
MinimumVisualStudioVersion = 10.0.40219.1
Project("{9A19103F-16F7-4668-BE54-9A1E7A4F7556}") = "DLSpy", "DLSpy\DLSpy.csproj", "{D38FC724-B2D6-421D-A50B-88C2B550C675}"
EndProject
Project("{9A19103F-16F7-4668-BE54-9A1E7A4F7556}") = "DLSpy.Test", "DLSpy.Test\DLSpy.Test.csproj", "{F3E85DE3-3866-4C11-94F1-86BE2E55F25F}"
EndProject
Global
	GlobalSection(SolutionConfigurationPlatforms) = preSolution
		Debug|Any CPU = Debug|Any CPU
		Release|Any CPU = Release|Any CPU
	EndGlobalSection
	GlobalSection(ProjectConfigurationPlatforms) = postSolution
		{D38FC724-B2D6-421D-A50B-88C2B550C675}.Debug|Any CPU.ActiveCfg = Debug|Any CPU
		{D38FC724-B2D6-421D-A50B-88C2B550C675}.Debug|Any CPU.Build.0 = Debug|Any CPU
		{D38FC724-B2D6-421D-A50B-88C2B550C675}.Release|Any CPU.ActiveCfg = Release|Any CPU
		{D38FC724-B2D6-421D-A50B-88C2B550C675}.Release|Any CPU.Build.0 = Release|Any CPU
		{F3E85DE3-3866-4C11-94F1-86BE2E55F25F}.Debug|Any CPU.ActiveCfg = Debug|Any CPU
		{F3E85DE3-3866-4C11-94F1-86BE2E55F25F}.Debug|Any CPU.Build.0 = Debug|Any CPU
		{F3E85DE3-3866-4C11-94F1-86BE2E55F25F}.Release|Any CPU.ActiveCfg = Release|Any CPU
		{F3E85DE3-3866-4C11-94F1-86BE2E55F25F}.Release|Any CPU.Build.0 = Release|Any CPU
	EndGlobalSection
	GlobalSection(SolutionProperties) = preSolution
		HideSolutionNode = FALSE
	EndGlobalSection
	GlobalSection(ExtensibilityGlobals) = postSolution
		SolutionGuid = {94C7B1E0-46DE-40E6-8C95-A727012DC07E}
	EndGlobalSection
EndGlobal
